
Microsoft Visual Studio Solution File, Format Version 12.00
Project("{FAE04EC0-301F-11D3-BF4B-00C04F79EFBC}") = "RockPaperScissors", "RockPaperScissors\RockPaperScissors.csproj", "{127F051F-EB84-4516-8A41-8964EB84EA15}"
EndProject
Project("{FAE04EC0-301F-11D3-BF4B-00C04F79EFBC}") = "RockPaperScissors.UnitTests", "RockPaperScissors.UnitTests\RockPaperScissors.UnitTests.csproj", "{0EEB885D-B4CD-4E14-953E-30A03A09E9C2}"
EndProject
Global
	GlobalSection(SolutionConfigurationPlatforms) = preSolution
		Debug|Any CPU = Debug|Any CPU
		Release|Any CPU = Release|Any CPU
	EndGlobalSection
	GlobalSection(ProjectConfigurationPlatforms) = postSolution
		{127F051F-EB84-4516-8A41-8964EB84EA15}.Debug|Any CPU.ActiveCfg = Debug|Any CPU
		{127F051F-EB84-4516-8A41-8964EB84EA15}.Debug|Any CPU.Build.0 = Debug|Any CPU
		{127F051F-EB84-4516-8A41-8964EB84EA15}.Release|Any CPU.ActiveCfg = Release|Any CPU
		{127F051F-EB84-4516-8A41-8964EB84EA15}.Release|Any CPU.Build.0 = Release|Any CPU
		{0EEB885D-B4CD-4E14-953E-30A03A09E9C2}.Debug|Any CPU.ActiveCfg = Debug|Any CPU
		{0EEB885D-B4CD-4E14-953E-30A03A09E9C2}.Debug|Any CPU.Build.0 = Debug|Any CPU
		{0EEB885D-B4CD-4E14-953E-30A03A09E9C2}.Release|Any CPU.ActiveCfg = Release|Any CPU
		{0EEB885D-B4CD-4E14-953E-30A03A09E9C2}.Release|Any CPU.Build.0 = Release|Any CPU
	EndGlobalSection
EndGlobal
